
Microsoft Visual Studio Solution File, Format Version 12.00
# Visual Studio Version 17
VisualStudioVersion = 17.14.36518.9
MinimumVisualStudioVersion = 10.0.40219.1
Project("{FAE04EC0-301F-11D3-BF4B-00C04F79EFBC}") = "DaprActorMemoryLeaks.AppHost", "DaprActorMemoryLeaks.AppHost\DaprActorMemoryLeaks.AppHost.csproj", "{783E03C2-935B-4C99-827F-717797E0A36F}"
EndProject
Project("{FAE04EC0-301F-11D3-BF4B-00C04F79EFBC}") = "DaprActorMemoryLeaks.ServiceDefaults", "DaprActorMemoryLeaks.ServiceDefaults\DaprActorMemoryLeaks.ServiceDefaults.csproj", "{8834AA74-E8B9-57E9-21C3-5CB23DDA6833}"
EndProject
Project("{FAE04EC0-301F-11D3-BF4B-00C04F79EFBC}") = "Server", "Server\Server.csproj", "{3461765F-60A1-21BC-764E-FC799869FE2F}"
EndProject
Project("{FAE04EC0-301F-11D3-BF4B-00C04F79EFBC}") = "Common", "Common\Common.csproj", "{303ECCBB-5040-413D-9DC0-A9EF36373927}"
EndProject
Project("{FAE04EC0-301F-11D3-BF4B-00C04F79EFBC}") = "Client", "Client\Client.csproj", "{AE7EEA74-2FE0-136F-D797-854FD87E022A}"
EndProject
Global
	GlobalSection(SolutionConfigurationPlatforms) = preSolution
		Debug|Any CPU = Debug|Any CPU
		Release|Any CPU = Release|Any CPU
	EndGlobalSection
	GlobalSection(ProjectConfigurationPlatforms) = postSolution
		{783E03C2-935B-4C99-827F-717797E0A36F}.Debug|Any CPU.ActiveCfg = Debug|Any CPU
		{783E03C2-935B-4C99-827F-717797E0A36F}.Debug|Any CPU.Build.0 = Debug|Any CPU
		{783E03C2-935B-4C99-827F-717797E0A36F}.Release|Any CPU.ActiveCfg = Release|Any CPU
		{783E03C2-935B-4C99-827F-717797E0A36F}.Release|Any CPU.Build.0 = Release|Any CPU
		{8834AA74-E8B9-57E9-21C3-5CB23DDA6833}.Debug|Any CPU.ActiveCfg = Debug|Any CPU
		{8834AA74-E8B9-57E9-21C3-5CB23DDA6833}.Debug|Any CPU.Build.0 = Debug|Any CPU
		{8834AA74-E8B9-57E9-21C3-5CB23DDA6833}.Release|Any CPU.ActiveCfg = Release|Any CPU
		{8834AA74-E8B9-57E9-21C3-5CB23DDA6833}.Release|Any CPU.Build.0 = Release|Any CPU
		{3461765F-60A1-21BC-764E-FC799869FE2F}.Debug|Any CPU.ActiveCfg = Debug|Any CPU
		{3461765F-60A1-21BC-764E-FC799869FE2F}.Debug|Any CPU.Build.0 = Debug|Any CPU
		{3461765F-60A1-21BC-764E-FC799869FE2F}.Release|Any CPU.ActiveCfg = Release|Any CPU
		{3461765F-60A1-21BC-764E-FC799869FE2F}.Release|Any CPU.Build.0 = Release|Any CPU
		{303ECCBB-5040-413D-9DC0-A9EF36373927}.Debug|Any CPU.ActiveCfg = Debug|Any CPU
		{303ECCBB-5040-413D-9DC0-A9EF36373927}.Debug|Any CPU.Build.0 = Debug|Any CPU
		{303ECCBB-5040-413D-9DC0-A9EF36373927}.Release|Any CPU.ActiveCfg = Release|Any CPU
		{303ECCBB-5040-413D-9DC0-A9EF36373927}.Release|Any CPU.Build.0 = Release|Any CPU
		{AE7EEA74-2FE0-136F-D797-854FD87E022A}.Debug|Any CPU.ActiveCfg = Debug|Any CPU
		{AE7EEA74-2FE0-136F-D797-854FD87E022A}.Debug|Any CPU.Build.0 = Debug|Any CPU
		{AE7EEA74-2FE0-136F-D797-854FD87E022A}.Release|Any CPU.ActiveCfg = Release|Any CPU
		{AE7EEA74-2FE0-136F-D797-854FD87E022A}.Release|Any CPU.Build.0 = Release|Any CPU
	EndGlobalSection
	GlobalSection(SolutionProperties) = preSolution
		HideSolutionNode = FALSE
	EndGlobalSection
	GlobalSection(ExtensibilityGlobals) = postSolution
		SolutionGuid = {3018644A-E803-49FA-9B7F-79AC92812A66}
	EndGlobalSection
EndGlobal
